{
  "name": "platforms1",
  "version": "1.0.0",
  "lockfileVersion": 3,
  "requires": true,
  "packages": {
    "": {
      "name": "platforms1",
      "version": "1.0.0",
      "license": "ISC",
      "dependencies": {
        "@irinaginger/ajs": "^1.0.0"
      }
    },
    "node_modules/@irinaginger/ajs": {
      "version": "1.0.0",
      "resolved": "https://npm.pkg.github.com/download/@irinaginger/ajs/1.0.0/7c6be1e3f5d5b26ab04338db28051bdf2ab12ca2",
      "integrity": "sha512-qpfm8FAosM+cAJUytYs/7ELh0w475Eo2l8tEYtOCOzdxe4RoYMq3pn/zBMyxwP49IxXbHVS/PavStkFsobSEyA==",
      "license": "ISC"
    }
  }
}
